// !$*UTF8*$!
{
	archiveVersion = 1;
	classes = {
	};
	objectVersion = 50;
	objects = {

/* Begin PBXBuildFile section */
		E15AAA1424213D2600B7F4FE /* AppDelegate.swift in Sources */ = {isa = PBXBuildFile; fileRef = E15AAA1324213D2600B7F4FE /* AppDelegate.swift */; };
		E15AAA1624213D2600B7F4FE /* SceneDelegate.swift in Sources */ = {isa = PBXBuildFile; fileRef = E15AAA1524213D2600B7F4FE /* SceneDelegate.swift */; };
		E15AAA1824213D2600B7F4FE /* LoginVC.swift in Sources */ = {isa = PBXBuildFile; fileRef = E15AAA1724213D2600B7F4FE /* LoginVC.swift */; };
		E15AAA1B24213D2600B7F4FE /* Main.storyboard in Resources */ = {isa = PBXBuildFile; fileRef = E15AAA1924213D2600B7F4FE /* Main.storyboard */; };
		E15AAA1E24213D2600B7F4FE /* EstudoAvaliacaoSistema.xcdatamodeld in Sources */ = {isa = PBXBuildFile; fileRef = E15AAA1C24213D2600B7F4FE /* EstudoAvaliacaoSistema.xcdatamodeld */; };
		E15AAA2024213D2900B7F4FE /* Assets.xcassets in Resources */ = {isa = PBXBuildFile; fileRef = E15AAA1F24213D2900B7F4FE /* Assets.xcassets */; };
		E15AAA2324213D2900B7F4FE /* LaunchScreen.storyboard in Resources */ = {isa = PBXBuildFile; fileRef = E15AAA2124213D2900B7F4FE /* LaunchScreen.storyboard */; };
		E15AAA31242162F600B7F4FE /* Usuario+CoreDataClass.swift in Sources */ = {isa = PBXBuildFile; fileRef = E15AAA2F242162F600B7F4FE /* Usuario+CoreDataClass.swift */; };
		E15AAA32242162F600B7F4FE /* Usuario+CoreDataProperties.swift in Sources */ = {isa = PBXBuildFile; fileRef = E15AAA30242162F600B7F4FE /* Usuario+CoreDataProperties.swift */; };
		E15AAA34242165FE00B7F4FE /* Persistencia.swift in Sources */ = {isa = PBXBuildFile; fileRef = E15AAA33242165FE00B7F4FE /* Persistencia.swift */; };
		E15AAA3624226C8000B7F4FE /* Rede.swift in Sources */ = {isa = PBXBuildFile; fileRef = E15AAA3524226C8000B7F4FE /* Rede.swift */; };
		E15AAA392422947000B7F4FE /* Login.swift in Sources */ = {isa = PBXBuildFile; fileRef = E15AAA382422947000B7F4FE /* Login.swift */; };
		E15AAA3B2422978A00B7F4FE /* Utilitarios.swift in Sources */ = {isa = PBXBuildFile; fileRef = E15AAA3A2422978A00B7F4FE /* Utilitarios.swift */; };
		E15AAA3D2423F4F600B7F4FE /* SideMenuVC.swift in Sources */ = {isa = PBXBuildFile; fileRef = E15AAA3C2423F4F600B7F4FE /* SideMenuVC.swift */; };
		E15AAA3F2424042300B7F4FE /* SlideInTransition.swift in Sources */ = {isa = PBXBuildFile; fileRef = E15AAA3E2424042300B7F4FE /* SlideInTransition.swift */; };
		E15AAA4124252D2700B7F4FE /* AjudaVC.swift in Sources */ = {isa = PBXBuildFile; fileRef = E15AAA4024252D2700B7F4FE /* AjudaVC.swift */; };
		E15AAA4324252D5000B7F4FE /* PerfilVC.swift in Sources */ = {isa = PBXBuildFile; fileRef = E15AAA4224252D5000B7F4FE /* PerfilVC.swift */; };
		E15AAA4524253E7E00B7F4FE /* CadastroVC.swift in Sources */ = {isa = PBXBuildFile; fileRef = E15AAA4424253E7E00B7F4FE /* CadastroVC.swift */; };
/* End PBXBuildFile section */

/* Begin PBXFileReference section */
		E15AAA1024213D2600B7F4FE /* EstudoAvaliacaoSistema.app */ = {isa = PBXFileReference; explicitFileType = wrapper.application; includeInIndex = 0; path = EstudoAvaliacaoSistema.app; sourceTree = BUILT_PRODUCTS_DIR; };
		E15AAA1324213D2600B7F4FE /* AppDelegate.swift */ = {isa = PBXFileReference; lastKnownFileType = sourcecode.swift; path = AppDelegate.swift; sourceTree = "<group>"; };
		E15AAA1524213D2600B7F4FE /* SceneDelegate.swift */ = {isa = PBXFileReference; lastKnownFileType = sourcecode.swift; path = SceneDelegate.swift; sourceTree = "<group>"; };
		E15AAA1724213D2600B7F4FE /* LoginVC.swift */ = {isa = PBXFileReference; lastKnownFileType = sourcecode.swift; path = LoginVC.swift; sourceTree = "<group>"; };
		E15AAA1A24213D2600B7F4FE /* Base */ = {isa = PBXFileReference; lastKnownFileType = file.storyboard; name = Base; path = Base.lproj/Main.storyboard; sourceTree = "<group>"; };
		E15AAA1D24213D2600B7F4FE /* EstudoAvaliacaoSistema.xcdatamodel */ = {isa = PBXFileReference; lastKnownFileType = wrapper.xcdatamodel; path = EstudoAvaliacaoSistema.xcdatamodel; sourceTree = "<group>"; };
		E15AAA1F24213D2900B7F4FE /* Assets.xcassets */ = {isa = PBXFileReference; lastKnownFileType = folder.assetcatalog; path = Assets.xcassets; sourceTree = "<group>"; };
		E15AAA2224213D2900B7F4FE /* Base */ = {isa = PBXFileReference; lastKnownFileType = file.storyboard; name = Base; path = Base.lproj/LaunchScreen.storyboard; sourceTree = "<group>"; };
		E15AAA2424213D2900B7F4FE /* Info.plist */ = {isa = PBXFileReference; lastKnownFileType = text.plist.xml; path = Info.plist; sourceTree = "<group>"; };
		E15AAA2F242162F600B7F4FE /* Usuario+CoreDataClass.swift */ = {isa = PBXFileReference; lastKnownFileType = sourcecode.swift; path = "Usuario+CoreDataClass.swift"; sourceTree = "<group>"; };
		E15AAA30242162F600B7F4FE /* Usuario+CoreDataProperties.swift */ = {isa = PBXFileReference; lastKnownFileType = sourcecode.swift; path = "Usuario+CoreDataProperties.swift"; sourceTree = "<group>"; };
		E15AAA33242165FE00B7F4FE /* Persistencia.swift */ = {isa = PBXFileReference; lastKnownFileType = sourcecode.swift; path = Persistencia.swift; sourceTree = "<group>"; };
		E15AAA3524226C8000B7F4FE /* Rede.swift */ = {isa = PBXFileReference; lastKnownFileType = sourcecode.swift; path = Rede.swift; sourceTree = "<group>"; };
		E15AAA382422947000B7F4FE /* Login.swift */ = {isa = PBXFileReference; lastKnownFileType = sourcecode.swift; path = Login.swift; sourceTree = "<group>"; };
		E15AAA3A2422978A00B7F4FE /* Utilitarios.swift */ = {isa = PBXFileReference; lastKnownFileType = sourcecode.swift; path = Utilitarios.swift; sourceTree = "<group>"; };
		E15AAA3C2423F4F600B7F4FE /* SideMenuVC.swift */ = {isa = PBXFileReference; lastKnownFileType = sourcecode.swift; path = SideMenuVC.swift; sourceTree = "<group>"; };
		E15AAA3E2424042300B7F4FE /* SlideInTransition.swift */ = {isa = PBXFileReference; lastKnownFileType = sourcecode.swift; path = SlideInTransition.swift; sourceTree = "<group>"; };
		E15AAA4024252D2700B7F4FE /* AjudaVC.swift */ = {isa = PBXFileReference; lastKnownFileType = sourcecode.swift; path = AjudaVC.swift; sourceTree = "<group>"; };
		E15AAA4224252D5000B7F4FE /* PerfilVC.swift */ = {isa = PBXFileReference; lastKnownFileType = sourcecode.swift; path = PerfilVC.swift; sourceTree = "<group>"; };
		E15AAA4424253E7E00B7F4FE /* CadastroVC.swift */ = {isa = PBXFileReference; lastKnownFileType = sourcecode.swift; path = CadastroVC.swift; sourceTree = "<group>"; };
/* End PBXFileReference section */

/* Begin PBXFrameworksBuildPhase section */
		E15AAA0D24213D2600B7F4FE /* Frameworks */ = {
			isa = PBXFrameworksBuildPhase;
			buildActionMask = 2147483647;
			files = (
			);
			runOnlyForDeploymentPostprocessing = 0;
		};
/* End PBXFrameworksBuildPhase section */

/* Begin PBXGroup section */
		E15AAA0724213D2600B7F4FE = {
			isa = PBXGroup;
			children = (
				E15AAA1224213D2600B7F4FE /* EstudoAvaliacaoSistema */,
				E15AAA1124213D2600B7F4FE /* Products */,
			);
			sourceTree = "<group>";
		};
		E15AAA1124213D2600B7F4FE /* Products */ = {
			isa = PBXGroup;
			children = (
				E15AAA1024213D2600B7F4FE /* EstudoAvaliacaoSistema.app */,
			);
			name = Products;
			sourceTree = "<group>";
		};
		E15AAA1224213D2600B7F4FE /* EstudoAvaliacaoSistema */ = {
			isa = PBXGroup;
			children = (
				E15AAA372422945400B7F4FE /* Auxiliar */,
				E15AAA2E2421610500B7F4FE /* Servicos */,
				E15AAA2D2421454B00B7F4FE /* Rede */,
				E15AAA2C2421454400B7F4FE /* Controller */,
				E15AAA2B2421454000B7F4FE /* View */,
				E15AAA2A2421453A00B7F4FE /* Modelo */,
				E15AAA1324213D2600B7F4FE /* AppDelegate.swift */,
				E15AAA1524213D2600B7F4FE /* SceneDelegate.swift */,
				E15AAA1924213D2600B7F4FE /* Main.storyboard */,
				E15AAA1F24213D2900B7F4FE /* Assets.xcassets */,
				E15AAA2124213D2900B7F4FE /* LaunchScreen.storyboard */,
				E15AAA2424213D2900B7F4FE /* Info.plist */,
				E15AAA1C24213D2600B7F4FE /* EstudoAvaliacaoSistema.xcdatamodeld */,
			);
			path = EstudoAvaliacaoSistema;
			sourceTree = "<group>";
		};
		E15AAA2A2421453A00B7F4FE /* Modelo */ = {
			isa = PBXGroup;
			children = (
				E15AAA2F242162F600B7F4FE /* Usuario+CoreDataClass.swift */,
				E15AAA30242162F600B7F4FE /* Usuario+CoreDataProperties.swift */,
			);
			path = Modelo;
			sourceTree = "<group>";
		};
		E15AAA2B2421454000B7F4FE /* View */ = {
			isa = PBXGroup;
			children = (
			);
			path = View;
			sourceTree = "<group>";
		};
		E15AAA2C2421454400B7F4FE /* Controller */ = {
			isa = PBXGroup;
			children = (
				E15AAA1724213D2600B7F4FE /* LoginVC.swift */,
				E15AAA3C2423F4F600B7F4FE /* SideMenuVC.swift */,
				E15AAA4024252D2700B7F4FE /* AjudaVC.swift */,
				E15AAA4224252D5000B7F4FE /* PerfilVC.swift */,
				E15AAA4424253E7E00B7F4FE /* CadastroVC.swift */,
			);
			path = Controller;
			sourceTree = "<group>";
		};
		E15AAA2D2421454B00B7F4FE /* Rede */ = {
			isa = PBXGroup;
			children = (
			);
			path = Rede;
			sourceTree = "<group>";
		};
		E15AAA2E2421610500B7F4FE /* Servicos */ = {
			isa = PBXGroup;
			children = (
				E15AAA33242165FE00B7F4FE /* Persistencia.swift */,
				E15AAA3524226C8000B7F4FE /* Rede.swift */,
			);
			path = Servicos;
			sourceTree = "<group>";
		};
		E15AAA372422945400B7F4FE /* Auxiliar */ = {
			isa = PBXGroup;
			children = (
				E15AAA382422947000B7F4FE /* Login.swift */,
				E15AAA3A2422978A00B7F4FE /* Utilitarios.swift */,
				E15AAA3E2424042300B7F4FE /* SlideInTransition.swift */,
			);
			path = Auxiliar;
			sourceTree = "<group>";
		};
/* End PBXGroup section */

/* Begin PBXNativeTarget section */
		E15AAA0F24213D2600B7F4FE /* EstudoAvaliacaoSistema */ = {
			isa = PBXNativeTarget;
			buildConfigurationList = E15AAA2724213D2900B7F4FE /* Build configuration list for PBXNativeTarget "EstudoAvaliacaoSistema" */;
			buildPhases = (
				E15AAA0C24213D2600B7F4FE /* Sources */,
				E15AAA0D24213D2600B7F4FE /* Frameworks */,
				E15AAA0E24213D2600B7F4FE /* Resources */,
			);
			buildRules = (
			);
			dependencies = (
			);
			name = EstudoAvaliacaoSistema;
			productName = EstudoAvaliacaoSistema;
			productReference = E15AAA1024213D2600B7F4FE /* EstudoAvaliacaoSistema.app */;
			productType = "com.apple.product-type.application";
		};
/* End PBXNativeTarget section */

/* Begin PBXProject section */
		E15AAA0824213D2600B7F4FE /* Project object */ = {
			isa = PBXProject;
			attributes = {
				LastSwiftUpdateCheck = 1130;
				LastUpgradeCheck = 1130;
				ORGANIZATIONNAME = "Roberto Edgar Geiss";
				TargetAttributes = {
					E15AAA0F24213D2600B7F4FE = {
						CreatedOnToolsVersion = 11.3.1;
					};
				};
			};
			buildConfigurationList = E15AAA0B24213D2600B7F4FE /* Build configuration list for PBXProject "EstudoAvaliacaoSistema" */;
			compatibilityVersion = "Xcode 9.3";
			developmentRegion = en;
			hasScannedForEncodings = 0;
			knownRegions = (
				en,
				Base,
			);
			mainGroup = E15AAA0724213D2600B7F4FE;
			productRefGroup = E15AAA1124213D2600B7F4FE /* Products */;
			projectDirPath = "";
			projectRoot = "";
			targets = (
				E15AAA0F24213D2600B7F4FE /* EstudoAvaliacaoSistema */,
			);
		};
/* End PBXProject section */

/* Begin PBXResourcesBuildPhase section */
		E15AAA0E24213D2600B7F4FE /* Resources */ = {
			isa = PBXResourcesBuildPhase;
			buildActionMask = 2147483647;
			files = (
				E15AAA2324213D2900B7F4FE /* LaunchScreen.storyboard in Resources */,
				E15AAA2024213D2900B7F4FE /* Assets.xcassets in Resources */,
				E15AAA1B24213D2600B7F4FE /* Main.storyboard in Resources */,
			);
			runOnlyForDeploymentPostprocessing = 0;
		};
/* End PBXResourcesBuildPhase section */

/* Begin PBXSourcesBuildPhase section */
		E15AAA0C24213D2600B7F4FE /* Sources */ = {
			isa = PBXSourcesBuildPhase;
			buildActionMask = 2147483647;
			files = (
				E15AAA1824213D2600B7F4FE /* LoginVC.swift in Sources */,
				E15AAA31242162F600B7F4FE /* Usuario+CoreDataClass.swift in Sources */,
				E15AAA32242162F600B7F4FE /* Usuario+CoreDataProperties.swift in Sources */,
				E15AAA3B2422978A00B7F4FE /* Utilitarios.swift in Sources */,
				E15AAA1424213D2600B7F4FE /* AppDelegate.swift in Sources */,
				E15AAA1E24213D2600B7F4FE /* EstudoAvaliacaoSistema.xcdatamodeld in Sources */,
				E15AAA3624226C8000B7F4FE /* Rede.swift in Sources */,
				E15AAA4524253E7E00B7F4FE /* CadastroVC.swift in Sources */,
				E15AAA392422947000B7F4FE /* Login.swift in Sources */,
				E15AAA34242165FE00B7F4FE /* Persistencia.swift in Sources */,
				E15AAA3F2424042300B7F4FE /* SlideInTransition.swift in Sources */,
				E15AAA4324252D5000B7F4FE /* PerfilVC.swift in Sources */,
				E15AAA1624213D2600B7F4FE /* SceneDelegate.swift in Sources */,
				E15AAA3D2423F4F600B7F4FE /* SideMenuVC.swift in Sources */,
				E15AAA4124252D2700B7F4FE /* AjudaVC.swift in Sources */,
			);
			runOnlyForDeploymentPostprocessing = 0;
		};
/* End PBXSourcesBuildPhase section */

/* Begin PBXVariantGroup section */
		E15AAA1924213D2600B7F4FE /* Main.storyboard */ = {
			isa = PBXVariantGroup;
			children = (
				E15AAA1A24213D2600B7F4FE /* Base */,
			);
			name = Main.storyboard;
			sourceTree = "<group>";
		};
		E15AAA2124213D2900B7F4FE /* LaunchScreen.storyboard */ = {
			isa = PBXVariantGroup;
			children = (
				E15AAA2224213D2900B7F4FE /* Base */,
			);
			name = LaunchScreen.storyboard;
			sourceTree = "<group>";
		};
/* End PBXVariantGroup section */

/* Begin XCBuildConfiguration section */
		E15AAA2524213D2900B7F4FE /* Debug */ = {
			isa = XCBuildConfiguration;
			buildSettings = {
				ALWAYS_SEARCH_USER_PATHS = NO;
				CLANG_ANALYZER_NONNULL = YES;
				CLANG_ANALYZER_NUMBER_OBJECT_CONVERSION = YES_AGGRESSIVE;
				CLANG_CXX_LANGUAGE_STANDARD = "gnu++14";
				CLANG_CXX_LIBRARY = "libc++";
				CLANG_ENABLE_MODULES = YES;
				CLANG_ENABLE_OBJC_ARC = YES;
				CLANG_ENABLE_OBJC_WEAK = YES;
				CLANG_WARN_BLOCK_CAPTURE_AUTORELEASING = YES;
				CLANG_WARN_BOOL_CONVERSION = YES;
				CLANG_WARN_COMMA = YES;
				CLANG_WARN_CONSTANT_CONVERSION = YES;
				CLANG_WARN_DEPRECATED_OBJC_IMPLEMENTATIONS = YES;
				CLANG_WARN_DIRECT_OBJC_ISA_USAGE = YES_ERROR;
				CLANG_WARN_DOCUMENTATION_COMMENTS = YES;
				CLANG_WARN_EMPTY_BODY = YES;
				CLANG_WARN_ENUM_CONVERSION = YES;
				CLANG_WARN_INFINITE_RECURSION = YES;
				CLANG_WARN_INT_CONVERSION = YES;
				CLANG_WARN_NON_LITERAL_NULL_CONVERSION = YES;
				CLANG_WARN_OBJC_IMPLICIT_RETAIN_SELF = YES;
				CLANG_WARN_OBJC_LITERAL_CONVERSION = YES;
				CLANG_WARN_OBJC_ROOT_CLASS = YES_ERROR;
				CLANG_WARN_RANGE_LOOP_ANALYSIS = YES;
				CLANG_WARN_STRICT_PROTOTYPES = YES;
				CLANG_WARN_SUSPICIOUS_MOVE = YES;
				CLANG_WARN_UNGUARDED_AVAILABILITY = YES_AGGRESSIVE;
				CLANG_WARN_UNREACHABLE_CODE = YES;
				CLANG_WARN__DUPLICATE_METHOD_MATCH = YES;
				COPY_PHASE_STRIP = NO;
				DEBUG_INFORMATION_FORMAT = dwarf;
				ENABLE_STRICT_OBJC_MSGSEND = YES;
				ENABLE_TESTABILITY = YES;
				GCC_C_LANGUAGE_STANDARD = gnu11;
				GCC_DYNAMIC_NO_PIC = NO;
				GCC_NO_COMMON_BLOCKS = YES;
				GCC_OPTIMIZATION_LEVEL = 0;
				GCC_PREPROCESSOR_DEFINITIONS = (
					"DEBUG=1",
					"$(inherited)",
				);
				GCC_WARN_64_TO_32_BIT_CONVERSION = YES;
				GCC_WARN_ABOUT_RETURN_TYPE = YES_ERROR;
				GCC_WARN_UNDECLARED_SELECTOR = YES;
				GCC_WARN_UNINITIALIZED_AUTOS = YES_AGGRESSIVE;
				GCC_WARN_UNUSED_FUNCTION = YES;
				GCC_WARN_UNUSED_VARIABLE = YES;
				IPHONEOS_DEPLOYMENT_TARGET = 13.2;
				MTL_ENABLE_DEBUG_INFO = INCLUDE_SOURCE;
				MTL_FAST_MATH = YES;
				ONLY_ACTIVE_ARCH = YES;
				SDKROOT = iphoneos;
				SWIFT_ACTIVE_COMPILATION_CONDITIONS = DEBUG;
				SWIFT_OPTIMIZATION_LEVEL = "-Onone";
			};
			name = Debug;
		};
		E15AAA2624213D2900B7F4FE /* Release */ = {
			isa = XCBuildConfiguration;
			buildSettings = {
				ALWAYS_SEARCH_USER_PATHS = NO;
				CLANG_ANALYZER_NONNULL = YES;
				CLANG_ANALYZER_NUMBER_OBJECT_CONVERSION = YES_AGGRESSIVE;
				CLANG_CXX_LANGUAGE_STANDARD = "gnu++14";
				CLANG_CXX_LIBRARY = "libc++";
				CLANG_ENABLE_MODULES = YES;
				CLANG_ENABLE_OBJC_ARC = YES;
				CLANG_ENABLE_OBJC_WEAK = YES;
				CLANG_WARN_BLOCK_CAPTURE_AUTORELEASING = YES;
				CLANG_WARN_BOOL_CONVERSION = YES;
				CLANG_WARN_COMMA = YES;
				CLANG_WARN_CONSTANT_CONVERSION = YES;
				CLANG_WARN_DEPRECATED_OBJC_IMPLEMENTATIONS = YES;
				CLANG_WARN_DIRECT_OBJC_ISA_USAGE = YES_ERROR;
				CLANG_WARN_DOCUMENTATION_COMMENTS = YES;
				CLANG_WARN_EMPTY_BODY = YES;
				CLANG_WARN_ENUM_CONVERSION = YES;
				CLANG_WARN_INFINITE_RECURSION = YES;
				CLANG_WARN_INT_CONVERSION = YES;
				CLANG_WARN_NON_LITERAL_NULL_CONVERSION = YES;
				CLANG_WARN_OBJC_IMPLICIT_RETAIN_SELF = YES;
				CLANG_WARN_OBJC_LITERAL_CONVERSION = YES;
				CLANG_WARN_OBJC_ROOT_CLASS = YES_ERROR;
				CLANG_WARN_RANGE_LOOP_ANALYSIS = YES;
				CLANG_WARN_STRICT_PROTOTYPES = YES;
				CLANG_WARN_SUSPICIOUS_MOVE = YES;
				CLANG_WARN_UNGUARDED_AVAILABILITY = YES_AGGRESSIVE;
				CLANG_WARN_UNREACHABLE_CODE = YES;
				CLANG_WARN__DUPLICATE_METHOD_MATCH = YES;
				COPY_PHASE_STRIP = NO;
				DEBUG_INFORMATION_FORMAT = "dwarf-with-dsym";
				ENABLE_NS_ASSERTIONS = NO;
				ENABLE_STRICT_OBJC_MSGSEND = YES;
				GCC_C_LANGUAGE_STANDARD = gnu11;
				GCC_NO_COMMON_BLOCKS = YES;
				GCC_WARN_64_TO_32_BIT_CONVERSION = YES;
				GCC_WARN_ABOUT_RETURN_TYPE = YES_ERROR;
				GCC_WARN_UNDECLARED_SELECTOR = YES;
				GCC_WARN_UNINITIALIZED_AUTOS = YES_AGGRESSIVE;
				GCC_WARN_UNUSED_FUNCTION = YES;
				GCC_WARN_UNUSED_VARIABLE = YES;
				IPHONEOS_DEPLOYMENT_TARGET = 13.2;
				MTL_ENABLE_DEBUG_INFO = NO;
				MTL_FAST_MATH = YES;
				SDKROOT = iphoneos;
				SWIFT_COMPILATION_MODE = wholemodule;
				SWIFT_OPTIMIZATION_LEVEL = "-O";
				VALIDATE_PRODUCT = YES;
			};
			name = Release;
		};
		E15AAA2824213D2900B7F4FE /* Debug */ = {
			isa = XCBuildConfiguration;
			buildSettings = {
				ASSETCATALOG_COMPILER_APPICON_NAME = AppIcon;
				CODE_SIGN_STYLE = Automatic;
				DEVELOPMENT_TEAM = 4DLN7FPJ74;
				INFOPLIST_FILE = EstudoAvaliacaoSistema/Info.plist;
				LD_RUNPATH_SEARCH_PATHS = (
					"$(inherited)",
					"@executable_path/Frameworks",
				);
				PRODUCT_BUNDLE_IDENTIFIER = com.geiss.roberto.EstudoAvaliacaoSistema;
				PRODUCT_NAME = "$(TARGET_NAME)";
				SWIFT_VERSION = 5.0;
				TARGETED_DEVICE_FAMILY = "1,2";
			};
			name = Debug;
		};
		E15AAA2924213D2900B7F4FE /* Release */ = {
			isa = XCBuildConfiguration;
			buildSettings = {
				ASSETCATALOG_COMPILER_APPICON_NAME = AppIcon;
				CODE_SIGN_STYLE = Automatic;
				DEVELOPMENT_TEAM = 4DLN7FPJ74;
				INFOPLIST_FILE = EstudoAvaliacaoSistema/Info.plist;
				LD_RUNPATH_SEARCH_PATHS = (
					"$(inherited)",
					"@executable_path/Frameworks",
				);
				PRODUCT_BUNDLE_IDENTIFIER = com.geiss.roberto.EstudoAvaliacaoSistema;
				PRODUCT_NAME = "$(TARGET_NAME)";
				SWIFT_VERSION = 5.0;
				TARGETED_DEVICE_FAMILY = "1,2";
			};
			name = Release;
		};
/* End XCBuildConfiguration section */

/* Begin XCConfigurationList section */
		E15AAA0B24213D2600B7F4FE /* Build configuration list for PBXProject "EstudoAvaliacaoSistema" */ = {
			isa = XCConfigurationList;
			buildConfigurations = (
				E15AAA2524213D2900B7F4FE /* Debug */,
				E15AAA2624213D2900B7F4FE /* Release */,
			);
			defaultConfigurationIsVisible = 0;
			defaultConfigurationName = Release;
		};
		E15AAA2724213D2900B7F4FE /* Build configuration list for PBXNativeTarget "EstudoAvaliacaoSistema" */ = {
			isa = XCConfigurationList;
			buildConfigurations = (
				E15AAA2824213D2900B7F4FE /* Debug */,
				E15AAA2924213D2900B7F4FE /* Release */,
			);
			defaultConfigurationIsVisible = 0;
			defaultConfigurationName = Release;
		};
/* End XCConfigurationList section */

/* Begin XCVersionGroup section */
		E15AAA1C24213D2600B7F4FE /* EstudoAvaliacaoSistema.xcdatamodeld */ = {
			isa = XCVersionGroup;
			children = (
				E15AAA1D24213D2600B7F4FE /* EstudoAvaliacaoSistema.xcdatamodel */,
			);
			currentVersion = E15AAA1D24213D2600B7F4FE /* EstudoAvaliacaoSistema.xcdatamodel */;
			path = EstudoAvaliacaoSistema.xcdatamodeld;
			sourceTree = "<group>";
			versionGroupType = wrapper.xcdatamodel;
		};
/* End XCVersionGroup section */
	};
	rootObject = E15AAA0824213D2600B7F4FE /* Project object */;
}
